
Microsoft Visual Studio Solution File, Format Version 12.00
# Visual Studio Version 16
VisualStudioVersion = 16.0.29609.76
MinimumVisualStudioVersion = 10.0.40219.1
Project("{8BC9CEB8-8B4A-11D0-8D11-00A0C91BC942}") = "Lab01", "Lab01\Lab01.vcxproj", "{351B3312-2D63-4BA2-9B00-3D0D44C3A0F0}"
EndProject
Project("{8BC9CEB8-8B4A-11D0-8D11-00A0C91BC942}") = "Lab02", "Lab02\Lab02.vcxproj", "{AA6B7B46-8BD5-429D-ADA0-706753EE37B4}"
EndProject
Project("{8BC9CEB8-8B4A-11D0-8D11-00A0C91BC942}") = "Lab03", "Lab03\Lab03.vcxproj", "{73C2CDA7-361C-4442-9485-C9FD5DD1D595}"
EndProject
Project("{8BC9CEB8-8B4A-11D0-8D11-00A0C91BC942}") = "Lab04", "Lab04\Lab04.vcxproj", "{F1854076-FEC1-4532-BF6D-2D8D81358C08}"
EndProject
Project("{8BC9CEB8-8B4A-11D0-8D11-00A0C91BC942}") = "Lab05", "Lab05\Lab05.vcxproj", "{01A4EA1E-6B92-4F38-B717-B925D05FF204}"
EndProject
Global
	GlobalSection(SolutionConfigurationPlatforms) = preSolution
		Debug|x64 = Debug|x64
		Debug|x86 = Debug|x86
		Release|x64 = Release|x64
		Release|x86 = Release|x86
	EndGlobalSection
	GlobalSection(ProjectConfigurationPlatforms) = postSolution
		{351B3312-2D63-4BA2-9B00-3D0D44C3A0F0}.Debug|x64.ActiveCfg = Debug|x64
		{351B3312-2D63-4BA2-9B00-3D0D44C3A0F0}.Debug|x64.Build.0 = Debug|x64
		{351B3312-2D63-4BA2-9B00-3D0D44C3A0F0}.Debug|x86.ActiveCfg = Debug|Win32
		{351B3312-2D63-4BA2-9B00-3D0D44C3A0F0}.Debug|x86.Build.0 = Debug|Win32
		{351B3312-2D63-4BA2-9B00-3D0D44C3A0F0}.Release|x64.ActiveCfg = Release|x64
		{351B3312-2D63-4BA2-9B00-3D0D44C3A0F0}.Release|x64.Build.0 = Release|x64
		{351B3312-2D63-4BA2-9B00-3D0D44C3A0F0}.Release|x86.ActiveCfg = Release|Win32
		{351B3312-2D63-4BA2-9B00-3D0D44C3A0F0}.Release|x86.Build.0 = Release|Win32
		{AA6B7B46-8BD5-429D-ADA0-706753EE37B4}.Debug|x64.ActiveCfg = Debug|x64
		{AA6B7B46-8BD5-429D-ADA0-706753EE37B4}.Debug|x64.Build.0 = Debug|x64
		{AA6B7B46-8BD5-429D-ADA0-706753EE37B4}.Debug|x86.ActiveCfg = Debug|Win32
		{AA6B7B46-8BD5-429D-ADA0-706753EE37B4}.Debug|x86.Build.0 = Debug|Win32
		{AA6B7B46-8BD5-429D-ADA0-706753EE37B4}.Release|x64.ActiveCfg = Release|x64
		{AA6B7B46-8BD5-429D-ADA0-706753EE37B4}.Release|x64.Build.0 = Release|x64
		{AA6B7B46-8BD5-429D-ADA0-706753EE37B4}.Release|x86.ActiveCfg = Release|Win32
		{AA6B7B46-8BD5-429D-ADA0-706753EE37B4}.Release|x86.Build.0 = Release|Win32
		{73C2CDA7-361C-4442-9485-C9FD5DD1D595}.Debug|x64.ActiveCfg = Debug|x64
		{73C2CDA7-361C-4442-9485-C9FD5DD1D595}.Debug|x64.Build.0 = Debug|x64
		{73C2CDA7-361C-4442-9485-C9FD5DD1D595}.Debug|x86.ActiveCfg = Debug|Win32
		{73C2CDA7-361C-4442-9485-C9FD5DD1D595}.Debug|x86.Build.0 = Debug|Win32
		{73C2CDA7-361C-4442-9485-C9FD5DD1D595}.Release|x64.ActiveCfg = Release|x64
		{73C2CDA7-361C-4442-9485-C9FD5DD1D595}.Release|x64.Build.0 = Release|x64
		{73C2CDA7-361C-4442-9485-C9FD5DD1D595}.Release|x86.ActiveCfg = Release|Win32
		{73C2CDA7-361C-4442-9485-C9FD5DD1D595}.Release|x86.Build.0 = Release|Win32
		{F1854076-FEC1-4532-BF6D-2D8D81358C08}.Debug|x64.ActiveCfg = Debug|x64
		{F1854076-FEC1-4532-BF6D-2D8D81358C08}.Debug|x64.Build.0 = Debug|x64
		{F1854076-FEC1-4532-BF6D-2D8D81358C08}.Debug|x86.ActiveCfg = Debug|Win32
		{F1854076-FEC1-4532-BF6D-2D8D81358C08}.Debug|x86.Build.0 = Debug|Win32
		{F1854076-FEC1-4532-BF6D-2D8D81358C08}.Release|x64.ActiveCfg = Release|x64
		{F1854076-FEC1-4532-BF6D-2D8D81358C08}.Release|x64.Build.0 = Release|x64
		{F1854076-FEC1-4532-BF6D-2D8D81358C08}.Release|x86.ActiveCfg = Release|Win32
		{F1854076-FEC1-4532-BF6D-2D8D81358C08}.Release|x86.Build.0 = Release|Win32
		{01A4EA1E-6B92-4F38-B717-B925D05FF204}.Debug|x64.ActiveCfg = Debug|x64
		{01A4EA1E-6B92-4F38-B717-B925D05FF204}.Debug|x64.Build.0 = Debug|x64
		{01A4EA1E-6B92-4F38-B717-B925D05FF204}.Debug|x86.ActiveCfg = Debug|Win32
		{01A4EA1E-6B92-4F38-B717-B925D05FF204}.Debug|x86.Build.0 = Debug|Win32
		{01A4EA1E-6B92-4F38-B717-B925D05FF204}.Release|x64.ActiveCfg = Release|x64
		{01A4EA1E-6B92-4F38-B717-B925D05FF204}.Release|x64.Build.0 = Release|x64
		{01A4EA1E-6B92-4F38-B717-B925D05FF204}.Release|x86.ActiveCfg = Release|Win32
		{01A4EA1E-6B92-4F38-B717-B925D05FF204}.Release|x86.Build.0 = Release|Win32
	EndGlobalSection
	GlobalSection(SolutionProperties) = preSolution
		HideSolutionNode = FALSE
	EndGlobalSection
	GlobalSection(ExtensibilityGlobals) = postSolution
		SolutionGuid = {5691CC95-D229-49CB-BA4D-F9B9EBE2270A}
	EndGlobalSection
EndGlobal
